// !$*UTF8*$!
{
	archiveVersion = 1;
	classes = {
	};
	objectVersion = 52;
	objects = {

/* Begin PBXBuildFile section */
		D8A63B5726428A0600CDAD5F /* UICatalogApp.swift in Sources */ = {isa = PBXBuildFile; fileRef = D8A63B5626428A0600CDAD5F /* UICatalogApp.swift */; };
		D8A63B5B26428A0800CDAD5F /* Assets.xcassets in Resources */ = {isa = PBXBuildFile; fileRef = D8A63B5A26428A0800CDAD5F /* Assets.xcassets */; };
		D8A63B5E26428A0800CDAD5F /* Preview Assets.xcassets in Resources */ = {isa = PBXBuildFile; fileRef = D8A63B5D26428A0800CDAD5F /* Preview Assets.xcassets */; };
		D8A63B6926428A0800CDAD5F /* UICatalogTests.swift in Sources */ = {isa = PBXBuildFile; fileRef = D8A63B6826428A0800CDAD5F /* UICatalogTests.swift */; };
		D8A63B7426428A0800CDAD5F /* UICatalogUITests.swift in Sources */ = {isa = PBXBuildFile; fileRef = D8A63B7326428A0800CDAD5F /* UICatalogUITests.swift */; };
		D8A63B8326428F4700CDAD5F /* UICatalogFeature in Frameworks */ = {isa = PBXBuildFile; productRef = D8A63B8226428F4700CDAD5F /* UICatalogFeature */; };
		D8A63B8426428F4800CDAD5F /* UICatalogFeature in Embed Frameworks */ = {isa = PBXBuildFile; productRef = D8A63B8226428F4700CDAD5F /* UICatalogFeature */; settings = {ATTRIBUTES = (CodeSignOnCopy, ); }; };
/* End PBXBuildFile section */

/* Begin PBXContainerItemProxy section */
		D8A63B6526428A0800CDAD5F /* PBXContainerItemProxy */ = {
			isa = PBXContainerItemProxy;
			containerPortal = D8A63B4B26428A0600CDAD5F /* Project object */;
			proxyType = 1;
			remoteGlobalIDString = D8A63B5226428A0600CDAD5F;
			remoteInfo = UICatalog;
		};
		D8A63B7026428A0800CDAD5F /* PBXContainerItemProxy */ = {
			isa = PBXContainerItemProxy;
			containerPortal = D8A63B4B26428A0600CDAD5F /* Project object */;
			proxyType = 1;
			remoteGlobalIDString = D8A63B5226428A0600CDAD5F;
			remoteInfo = UICatalog;
		};
/* End PBXContainerItemProxy section */

/* Begin PBXCopyFilesBuildPhase section */
		D8A63B8526428F4800CDAD5F /* Embed Frameworks */ = {
			isa = PBXCopyFilesBuildPhase;
			buildActionMask = 2147483647;
			dstPath = "";
			dstSubfolderSpec = 10;
			files = (
				D8A63B8426428F4800CDAD5F /* UICatalogFeature in Embed Frameworks */,
			);
			name = "Embed Frameworks";
			runOnlyForDeploymentPostprocessing = 0;
		};
/* End PBXCopyFilesBuildPhase section */

/* Begin PBXFileReference section */
		D8A63B5326428A0600CDAD5F /* UICatalog.app */ = {isa = PBXFileReference; explicitFileType = wrapper.application; includeInIndex = 0; path = UICatalog.app; sourceTree = BUILT_PRODUCTS_DIR; };
		D8A63B5626428A0600CDAD5F /* UICatalogApp.swift */ = {isa = PBXFileReference; lastKnownFileType = sourcecode.swift; path = UICatalogApp.swift; sourceTree = "<group>"; };
		D8A63B5A26428A0800CDAD5F /* Assets.xcassets */ = {isa = PBXFileReference; lastKnownFileType = folder.assetcatalog; path = Assets.xcassets; sourceTree = "<group>"; };
		D8A63B5D26428A0800CDAD5F /* Preview Assets.xcassets */ = {isa = PBXFileReference; lastKnownFileType = folder.assetcatalog; path = "Preview Assets.xcassets"; sourceTree = "<group>"; };
		D8A63B5F26428A0800CDAD5F /* Info.plist */ = {isa = PBXFileReference; lastKnownFileType = text.plist.xml; path = Info.plist; sourceTree = "<group>"; };
		D8A63B6426428A0800CDAD5F /* UICatalogTests.xctest */ = {isa = PBXFileReference; explicitFileType = wrapper.cfbundle; includeInIndex = 0; path = UICatalogTests.xctest; sourceTree = BUILT_PRODUCTS_DIR; };
		D8A63B6826428A0800CDAD5F /* UICatalogTests.swift */ = {isa = PBXFileReference; lastKnownFileType = sourcecode.swift; path = UICatalogTests.swift; sourceTree = "<group>"; };
		D8A63B6A26428A0800CDAD5F /* Info.plist */ = {isa = PBXFileReference; lastKnownFileType = text.plist.xml; path = Info.plist; sourceTree = "<group>"; };
		D8A63B6F26428A0800CDAD5F /* UICatalogUITests.xctest */ = {isa = PBXFileReference; explicitFileType = wrapper.cfbundle; includeInIndex = 0; path = UICatalogUITests.xctest; sourceTree = BUILT_PRODUCTS_DIR; };
		D8A63B7326428A0800CDAD5F /* UICatalogUITests.swift */ = {isa = PBXFileReference; lastKnownFileType = sourcecode.swift; path = UICatalogUITests.swift; sourceTree = "<group>"; };
		D8A63B7526428A0800CDAD5F /* Info.plist */ = {isa = PBXFileReference; lastKnownFileType = text.plist.xml; path = Info.plist; sourceTree = "<group>"; };
/* End PBXFileReference section */

/* Begin PBXFrameworksBuildPhase section */
		D8A63B5026428A0600CDAD5F /* Frameworks */ = {
			isa = PBXFrameworksBuildPhase;
			buildActionMask = 2147483647;
			files = (
				D8A63B8326428F4700CDAD5F /* UICatalogFeature in Frameworks */,
			);
			runOnlyForDeploymentPostprocessing = 0;
		};
		D8A63B6126428A0800CDAD5F /* Frameworks */ = {
			isa = PBXFrameworksBuildPhase;
			buildActionMask = 2147483647;
			files = (
			);
			runOnlyForDeploymentPostprocessing = 0;
		};
		D8A63B6C26428A0800CDAD5F /* Frameworks */ = {
			isa = PBXFrameworksBuildPhase;
			buildActionMask = 2147483647;
			files = (
			);
			runOnlyForDeploymentPostprocessing = 0;
		};
/* End PBXFrameworksBuildPhase section */

/* Begin PBXGroup section */
		D8A63B4A26428A0600CDAD5F = {
			isa = PBXGroup;
			children = (
				D8A63B5526428A0600CDAD5F /* UICatalog */,
				D8A63B6726428A0800CDAD5F /* UICatalogTests */,
				D8A63B7226428A0800CDAD5F /* UICatalogUITests */,
				D8A63B5426428A0600CDAD5F /* Products */,
				D8A63B8126428F4700CDAD5F /* Frameworks */,
			);
			sourceTree = "<group>";
		};
		D8A63B5426428A0600CDAD5F /* Products */ = {
			isa = PBXGroup;
			children = (
				D8A63B5326428A0600CDAD5F /* UICatalog.app */,
				D8A63B6426428A0800CDAD5F /* UICatalogTests.xctest */,
				D8A63B6F26428A0800CDAD5F /* UICatalogUITests.xctest */,
			);
			name = Products;
			sourceTree = "<group>";
		};
		D8A63B5526428A0600CDAD5F /* UICatalog */ = {
			isa = PBXGroup;
			children = (
				D8A63B5626428A0600CDAD5F /* UICatalogApp.swift */,
				D8A63B5A26428A0800CDAD5F /* Assets.xcassets */,
				D8A63B5F26428A0800CDAD5F /* Info.plist */,
				D8A63B5C26428A0800CDAD5F /* Preview Content */,
			);
			path = UICatalog;
			sourceTree = "<group>";
		};
		D8A63B5C26428A0800CDAD5F /* Preview Content */ = {
			isa = PBXGroup;
			children = (
				D8A63B5D26428A0800CDAD5F /* Preview Assets.xcassets */,
			);
			path = "Preview Content";
			sourceTree = "<group>";
		};
		D8A63B6726428A0800CDAD5F /* UICatalogTests */ = {
			isa = PBXGroup;
			children = (
				D8A63B6826428A0800CDAD5F /* UICatalogTests.swift */,
				D8A63B6A26428A0800CDAD5F /* Info.plist */,
			);
			path = UICatalogTests;
			sourceTree = "<group>";
		};
		D8A63B7226428A0800CDAD5F /* UICatalogUITests */ = {
			isa = PBXGroup;
			children = (
				D8A63B7326428A0800CDAD5F /* UICatalogUITests.swift */,
				D8A63B7526428A0800CDAD5F /* Info.plist */,
			);
			path = UICatalogUITests;
			sourceTree = "<group>";
		};
		D8A63B8126428F4700CDAD5F /* Frameworks */ = {
			isa = PBXGroup;
			children = (
			);
			name = Frameworks;
			sourceTree = "<group>";
		};
/* End PBXGroup section */

/* Begin PBXNativeTarget section */
		D8A63B5226428A0600CDAD5F /* UICatalog */ = {
			isa = PBXNativeTarget;
			buildConfigurationList = D8A63B7826428A0800CDAD5F /* Build configuration list for PBXNativeTarget "UICatalog" */;
			buildPhases = (
				D8A63B4F26428A0600CDAD5F /* Sources */,
				D8A63B5026428A0600CDAD5F /* Frameworks */,
				D8A63B5126428A0600CDAD5F /* Resources */,
				D8A63B8526428F4800CDAD5F /* Embed Frameworks */,
			);
			buildRules = (
			);
			dependencies = (
			);
			name = UICatalog;
			packageProductDependencies = (
				D8A63B8226428F4700CDAD5F /* UICatalogFeature */,
			);
			productName = UICatalog;
			productReference = D8A63B5326428A0600CDAD5F /* UICatalog.app */;
			productType = "com.apple.product-type.application";
		};
		D8A63B6326428A0800CDAD5F /* UICatalogTests */ = {
			isa = PBXNativeTarget;
			buildConfigurationList = D8A63B7B26428A0800CDAD5F /* Build configuration list for PBXNativeTarget "UICatalogTests" */;
			buildPhases = (
				D8A63B6026428A0800CDAD5F /* Sources */,
				D8A63B6126428A0800CDAD5F /* Frameworks */,
				D8A63B6226428A0800CDAD5F /* Resources */,
			);
			buildRules = (
			);
			dependencies = (
				D8A63B6626428A0800CDAD5F /* PBXTargetDependency */,
			);
			name = UICatalogTests;
			productName = UICatalogTests;
			productReference = D8A63B6426428A0800CDAD5F /* UICatalogTests.xctest */;
			productType = "com.apple.product-type.bundle.unit-test";
		};
		D8A63B6E26428A0800CDAD5F /* UICatalogUITests */ = {
			isa = PBXNativeTarget;
			buildConfigurationList = D8A63B7E26428A0800CDAD5F /* Build configuration list for PBXNativeTarget "UICatalogUITests" */;
			buildPhases = (
				D8A63B6B26428A0800CDAD5F /* Sources */,
				D8A63B6C26428A0800CDAD5F /* Frameworks */,
				D8A63B6D26428A0800CDAD5F /* Resources */,
			);
			buildRules = (
			);
			dependencies = (
				D8A63B7126428A0800CDAD5F /* PBXTargetDependency */,
			);
			name = UICatalogUITests;
			productName = UICatalogUITests;
			productReference = D8A63B6F26428A0800CDAD5F /* UICatalogUITests.xctest */;
			productType = "com.apple.product-type.bundle.ui-testing";
		};
/* End PBXNativeTarget section */

/* Begin PBXProject section */
		D8A63B4B26428A0600CDAD5F /* Project object */ = {
			isa = PBXProject;
			attributes = {
				LastSwiftUpdateCheck = 1250;
				LastUpgradeCheck = 1250;
				TargetAttributes = {
					D8A63B5226428A0600CDAD5F = {
						CreatedOnToolsVersion = 12.5;
					};
					D8A63B6326428A0800CDAD5F = {
						CreatedOnToolsVersion = 12.5;
						TestTargetID = D8A63B5226428A0600CDAD5F;
					};
					D8A63B6E26428A0800CDAD5F = {
						CreatedOnToolsVersion = 12.5;
						TestTargetID = D8A63B5226428A0600CDAD5F;
					};
				};
			};
			buildConfigurationList = D8A63B4E26428A0600CDAD5F /* Build configuration list for PBXProject "UICatalog" */;
			compatibilityVersion = "Xcode 9.3";
			developmentRegion = en;
			hasScannedForEncodings = 0;
			knownRegions = (
				en,
				Base,
			);
			mainGroup = D8A63B4A26428A0600CDAD5F;
			productRefGroup = D8A63B5426428A0600CDAD5F /* Products */;
			projectDirPath = "";
			projectRoot = "";
			targets = (
				D8A63B5226428A0600CDAD5F /* UICatalog */,
				D8A63B6326428A0800CDAD5F /* UICatalogTests */,
				D8A63B6E26428A0800CDAD5F /* UICatalogUITests */,
			);
		};
/* End PBXProject section */

/* Begin PBXResourcesBuildPhase section */
		D8A63B5126428A0600CDAD5F /* Resources */ = {
			isa = PBXResourcesBuildPhase;
			buildActionMask = 2147483647;
			files = (
				D8A63B5E26428A0800CDAD5F /* Preview Assets.xcassets in Resources */,
				D8A63B5B26428A0800CDAD5F /* Assets.xcassets in Resources */,
			);
			runOnlyForDeploymentPostprocessing = 0;
		};
		D8A63B6226428A0800CDAD5F /* Resources */ = {
			isa = PBXResourcesBuildPhase;
			buildActionMask = 2147483647;
			files = (
			);
			runOnlyForDeploymentPostprocessing = 0;
		};
		D8A63B6D26428A0800CDAD5F /* Resources */ = {
			isa = PBXResourcesBuildPhase;
			buildActionMask = 2147483647;
			files = (
			);
			runOnlyForDeploymentPostprocessing = 0;
		};
/* End PBXResourcesBuildPhase section */

/* Begin PBXSourcesBuildPhase section */
		D8A63B4F26428A0600CDAD5F /* Sources */ = {
			isa = PBXSourcesBuildPhase;
			buildActionMask = 2147483647;
			files = (
				D8A63B5726428A0600CDAD5F /* UICatalogApp.swift in Sources */,
			);
			runOnlyForDeploymentPostprocessing = 0;
		};
		D8A63B6026428A0800CDAD5F /* Sources */ = {
			isa = PBXSourcesBuildPhase;
			buildActionMask = 2147483647;
			files = (
				D8A63B6926428A0800CDAD5F /* UICatalogTests.swift in Sources */,
			);
			runOnlyForDeploymentPostprocessing = 0;
		};
		D8A63B6B26428A0800CDAD5F /* Sources */ = {
			isa = PBXSourcesBuildPhase;
			buildActionMask = 2147483647;
			files = (
				D8A63B7426428A0800CDAD5F /* UICatalogUITests.swift in Sources */,
			);
			runOnlyForDeploymentPostprocessing = 0;
		};
/* End PBXSourcesBuildPhase section */

/* Begin PBXTargetDependency section */
		D8A63B6626428A0800CDAD5F /* PBXTargetDependency */ = {
			isa = PBXTargetDependency;
			target = D8A63B5226428A0600CDAD5F /* UICatalog */;
			targetProxy = D8A63B6526428A0800CDAD5F /* PBXContainerItemProxy */;
		};
		D8A63B7126428A0800CDAD5F /* PBXTargetDependency */ = {
			isa = PBXTargetDependency;
			target = D8A63B5226428A0600CDAD5F /* UICatalog */;
			targetProxy = D8A63B7026428A0800CDAD5F /* PBXContainerItemProxy */;
		};
/* End PBXTargetDependency section */

/* Begin XCBuildConfiguration section */
		D8A63B7626428A0800CDAD5F /* Debug */ = {
			isa = XCBuildConfiguration;
			buildSettings = {
				ALWAYS_SEARCH_USER_PATHS = NO;
				CLANG_ANALYZER_NONNULL = YES;
				CLANG_ANALYZER_NUMBER_OBJECT_CONVERSION = YES_AGGRESSIVE;
				CLANG_CXX_LANGUAGE_STANDARD = "gnu++14";
				CLANG_CXX_LIBRARY = "libc++";
				CLANG_ENABLE_MODULES = YES;
				CLANG_ENABLE_OBJC_ARC = YES;
				CLANG_ENABLE_OBJC_WEAK = YES;
				CLANG_WARN_BLOCK_CAPTURE_AUTORELEASING = YES;
				CLANG_WARN_BOOL_CONVERSION = YES;
				CLANG_WARN_COMMA = YES;
				CLANG_WARN_CONSTANT_CONVERSION = YES;
				CLANG_WARN_DEPRECATED_OBJC_IMPLEMENTATIONS = YES;
				CLANG_WARN_DIRECT_OBJC_ISA_USAGE = YES_ERROR;
				CLANG_WARN_DOCUMENTATION_COMMENTS = YES;
				CLANG_WARN_EMPTY_BODY = YES;
				CLANG_WARN_ENUM_CONVERSION = YES;
				CLANG_WARN_INFINITE_RECURSION = YES;
				CLANG_WARN_INT_CONVERSION = YES;
				CLANG_WARN_NON_LITERAL_NULL_CONVERSION = YES;
				CLANG_WARN_OBJC_IMPLICIT_RETAIN_SELF = YES;
				CLANG_WARN_OBJC_LITERAL_CONVERSION = YES;
				CLANG_WARN_OBJC_ROOT_CLASS = YES_ERROR;
				CLANG_WARN_QUOTED_INCLUDE_IN_FRAMEWORK_HEADER = YES;
				CLANG_WARN_RANGE_LOOP_ANALYSIS = YES;
				CLANG_WARN_STRICT_PROTOTYPES = YES;
				CLANG_WARN_SUSPICIOUS_MOVE = YES;
				CLANG_WARN_UNGUARDED_AVAILABILITY = YES_AGGRESSIVE;
				CLANG_WARN_UNREACHABLE_CODE = YES;
				CLANG_WARN__DUPLICATE_METHOD_MATCH = YES;
				COPY_PHASE_STRIP = NO;
				DEBUG_INFORMATION_FORMAT = dwarf;
				ENABLE_STRICT_OBJC_MSGSEND = YES;
				ENABLE_TESTABILITY = YES;
				GCC_C_LANGUAGE_STANDARD = gnu11;
				GCC_DYNAMIC_NO_PIC = NO;
				GCC_NO_COMMON_BLOCKS = YES;
				GCC_OPTIMIZATION_LEVEL = 0;
				GCC_PREPROCESSOR_DEFINITIONS = (
					"DEBUG=1",
					"$(inherited)",
				);
				GCC_WARN_64_TO_32_BIT_CONVERSION = YES;
				GCC_WARN_ABOUT_RETURN_TYPE = YES_ERROR;
				GCC_WARN_UNDECLARED_SELECTOR = YES;
				GCC_WARN_UNINITIALIZED_AUTOS = YES_AGGRESSIVE;
				GCC_WARN_UNUSED_FUNCTION = YES;
				GCC_WARN_UNUSED_VARIABLE = YES;
				IPHONEOS_DEPLOYMENT_TARGET = 14.5;
				MTL_ENABLE_DEBUG_INFO = INCLUDE_SOURCE;
				MTL_FAST_MATH = YES;
				ONLY_ACTIVE_ARCH = YES;
				SDKROOT = iphoneos;
				SWIFT_ACTIVE_COMPILATION_CONDITIONS = DEBUG;
				SWIFT_OPTIMIZATION_LEVEL = "-Onone";
			};
			name = Debug;
		};
		D8A63B7726428A0800CDAD5F /* Release */ = {
			isa = XCBuildConfiguration;
			buildSettings = {
				ALWAYS_SEARCH_USER_PATHS = NO;
				CLANG_ANALYZER_NONNULL = YES;
				CLANG_ANALYZER_NUMBER_OBJECT_CONVERSION = YES_AGGRESSIVE;
				CLANG_CXX_LANGUAGE_STANDARD = "gnu++14";
				CLANG_CXX_LIBRARY = "libc++";
				CLANG_ENABLE_MODULES = YES;
				CLANG_ENABLE_OBJC_ARC = YES;
				CLANG_ENABLE_OBJC_WEAK = YES;
				CLANG_WARN_BLOCK_CAPTURE_AUTORELEASING = YES;
				CLANG_WARN_BOOL_CONVERSION = YES;
				CLANG_WARN_COMMA = YES;
				CLANG_WARN_CONSTANT_CONVERSION = YES;
				CLANG_WARN_DEPRECATED_OBJC_IMPLEMENTATIONS = YES;
				CLANG_WARN_DIRECT_OBJC_ISA_USAGE = YES_ERROR;
				CLANG_WARN_DOCUMENTATION_COMMENTS = YES;
				CLANG_WARN_EMPTY_BODY = YES;
				CLANG_WARN_ENUM_CONVERSION = YES;
				CLANG_WARN_INFINITE_RECURSION = YES;
				CLANG_WARN_INT_CONVERSION = YES;
				CLANG_WARN_NON_LITERAL_NULL_CONVERSION = YES;
				CLANG_WARN_OBJC_IMPLICIT_RETAIN_SELF = YES;
				CLANG_WARN_OBJC_LITERAL_CONVERSION = YES;
				CLANG_WARN_OBJC_ROOT_CLASS = YES_ERROR;
				CLANG_WARN_QUOTED_INCLUDE_IN_FRAMEWORK_HEADER = YES;
				CLANG_WARN_RANGE_LOOP_ANALYSIS = YES;
				CLANG_WARN_STRICT_PROTOTYPES = YES;
				CLANG_WARN_SUSPICIOUS_MOVE = YES;
				CLANG_WARN_UNGUARDED_AVAILABILITY = YES_AGGRESSIVE;
				CLANG_WARN_UNREACHABLE_CODE = YES;
				CLANG_WARN__DUPLICATE_METHOD_MATCH = YES;
				COPY_PHASE_STRIP = NO;
				DEBUG_INFORMATION_FORMAT = "dwarf-with-dsym";
				ENABLE_NS_ASSERTIONS = NO;
				ENABLE_STRICT_OBJC_MSGSEND = YES;
				GCC_C_LANGUAGE_STANDARD = gnu11;
				GCC_NO_COMMON_BLOCKS = YES;
				GCC_WARN_64_TO_32_BIT_CONVERSION = YES;
				GCC_WARN_ABOUT_RETURN_TYPE = YES_ERROR;
				GCC_WARN_UNDECLARED_SELECTOR = YES;
				GCC_WARN_UNINITIALIZED_AUTOS = YES_AGGRESSIVE;
				GCC_WARN_UNUSED_FUNCTION = YES;
				GCC_WARN_UNUSED_VARIABLE = YES;
				IPHONEOS_DEPLOYMENT_TARGET = 14.5;
				MTL_ENABLE_DEBUG_INFO = NO;
				MTL_FAST_MATH = YES;
				SDKROOT = iphoneos;
				SWIFT_COMPILATION_MODE = wholemodule;
				SWIFT_OPTIMIZATION_LEVEL = "-O";
				VALIDATE_PRODUCT = YES;
			};
			name = Release;
		};
		D8A63B7926428A0800CDAD5F /* Debug */ = {
			isa = XCBuildConfiguration;
			buildSettings = {
				ASSETCATALOG_COMPILER_APPICON_NAME = AppIcon;
				ASSETCATALOG_COMPILER_GLOBAL_ACCENT_COLOR_NAME = AccentColor;
				CODE_SIGN_STYLE = Automatic;
				DEVELOPMENT_ASSET_PATHS = "\"UICatalog/Preview Content\"";
				DEVELOPMENT_TEAM = "";
				ENABLE_PREVIEWS = YES;
				INFOPLIST_FILE = UICatalog/Info.plist;
				IPHONEOS_DEPLOYMENT_TARGET = 14.0;
				LD_RUNPATH_SEARCH_PATHS = (
					"$(inherited)",
					"@executable_path/Frameworks",
				);
				PRODUCT_BUNDLE_IDENTIFIER = template.UICatalog;
				PRODUCT_NAME = "$(TARGET_NAME)";
				SWIFT_VERSION = 5.0;
				TARGETED_DEVICE_FAMILY = "1,2";
			};
			name = Debug;
		};
		D8A63B7A26428A0800CDAD5F /* Release */ = {
			isa = XCBuildConfiguration;
			buildSettings = {
				ASSETCATALOG_COMPILER_APPICON_NAME = AppIcon;
				ASSETCATALOG_COMPILER_GLOBAL_ACCENT_COLOR_NAME = AccentColor;
				CODE_SIGN_STYLE = Automatic;
				DEVELOPMENT_ASSET_PATHS = "\"UICatalog/Preview Content\"";
				DEVELOPMENT_TEAM = "";
				ENABLE_PREVIEWS = YES;
				INFOPLIST_FILE = UICatalog/Info.plist;
				IPHONEOS_DEPLOYMENT_TARGET = 14.0;
				LD_RUNPATH_SEARCH_PATHS = (
					"$(inherited)",
					"@executable_path/Frameworks",
				);
				PRODUCT_BUNDLE_IDENTIFIER = template.UICatalog;
				PRODUCT_NAME = "$(TARGET_NAME)";
				SWIFT_VERSION = 5.0;
				TARGETED_DEVICE_FAMILY = "1,2";
			};
			name = Release;
		};
		D8A63B7C26428A0800CDAD5F /* Debug */ = {
			isa = XCBuildConfiguration;
			buildSettings = {
				ALWAYS_EMBED_SWIFT_STANDARD_LIBRARIES = YES;
				BUNDLE_LOADER = "$(TEST_HOST)";
				CODE_SIGN_STYLE = Automatic;
				INFOPLIST_FILE = UICatalogTests/Info.plist;
				IPHONEOS_DEPLOYMENT_TARGET = 14.0;
				LD_RUNPATH_SEARCH_PATHS = (
					"$(inherited)",
					"@executable_path/Frameworks",
					"@loader_path/Frameworks",
				);
				PRODUCT_BUNDLE_IDENTIFIER = template.UICatalogTests;
				PRODUCT_NAME = "$(TARGET_NAME)";
				SWIFT_VERSION = 5.0;
				TARGETED_DEVICE_FAMILY = "1,2";
				TEST_HOST = "$(BUILT_PRODUCTS_DIR)/UICatalog.app/UICatalog";
			};
			name = Debug;
		};
		D8A63B7D26428A0800CDAD5F /* Release */ = {
			isa = XCBuildConfiguration;
			buildSettings = {
				ALWAYS_EMBED_SWIFT_STANDARD_LIBRARIES = YES;
				BUNDLE_LOADER = "$(TEST_HOST)";
				CODE_SIGN_STYLE = Automatic;
				INFOPLIST_FILE = UICatalogTests/Info.plist;
				IPHONEOS_DEPLOYMENT_TARGET = 14.0;
				LD_RUNPATH_SEARCH_PATHS = (
					"$(inherited)",
					"@executable_path/Frameworks",
					"@loader_path/Frameworks",
				);
				PRODUCT_BUNDLE_IDENTIFIER = template.UICatalogTests;
				PRODUCT_NAME = "$(TARGET_NAME)";
				SWIFT_VERSION = 5.0;
				TARGETED_DEVICE_FAMILY = "1,2";
				TEST_HOST = "$(BUILT_PRODUCTS_DIR)/UICatalog.app/UICatalog";
			};
			name = Release;
		};
		D8A63B7F26428A0800CDAD5F /* Debug */ = {
			isa = XCBuildConfiguration;
			buildSettings = {
				ALWAYS_EMBED_SWIFT_STANDARD_LIBRARIES = YES;
				CODE_SIGN_STYLE = Automatic;
				INFOPLIST_FILE = UICatalogUITests/Info.plist;
				LD_RUNPATH_SEARCH_PATHS = (
					"$(inherited)",
					"@executable_path/Frameworks",
					"@loader_path/Frameworks",
				);
				PRODUCT_BUNDLE_IDENTIFIER = template.UICatalogUITests;
				PRODUCT_NAME = "$(TARGET_NAME)";
				SWIFT_VERSION = 5.0;
				TARGETED_DEVICE_FAMILY = "1,2";
				TEST_TARGET_NAME = UICatalog;
			};
			name = Debug;
		};
		D8A63B8026428A0800CDAD5F /* Release */ = {
			isa = XCBuildConfiguration;
			buildSettings = {
				ALWAYS_EMBED_SWIFT_STANDARD_LIBRARIES = YES;
				CODE_SIGN_STYLE = Automatic;
				INFOPLIST_FILE = UICatalogUITests/Info.plist;
				LD_RUNPATH_SEARCH_PATHS = (
					"$(inherited)",
					"@executable_path/Frameworks",
					"@loader_path/Frameworks",
				);
				PRODUCT_BUNDLE_IDENTIFIER = template.UICatalogUITests;
				PRODUCT_NAME = "$(TARGET_NAME)";
				SWIFT_VERSION = 5.0;
				TARGETED_DEVICE_FAMILY = "1,2";
				TEST_TARGET_NAME = UICatalog;
			};
			name = Release;
		};
/* End XCBuildConfiguration section */

/* Begin XCConfigurationList section */
		D8A63B4E26428A0600CDAD5F /* Build configuration list for PBXProject "UICatalog" */ = {
			isa = XCConfigurationList;
			buildConfigurations = (
				D8A63B7626428A0800CDAD5F /* Debug */,
				D8A63B7726428A0800CDAD5F /* Release */,
			);
			defaultConfigurationIsVisible = 0;
			defaultConfigurationName = Release;
		};
		D8A63B7826428A0800CDAD5F /* Build configuration list for PBXNativeTarget "UICatalog" */ = {
			isa = XCConfigurationList;
			buildConfigurations = (
				D8A63B7926428A0800CDAD5F /* Debug */,
				D8A63B7A26428A0800CDAD5F /* Release */,
			);
			defaultConfigurationIsVisible = 0;
			defaultConfigurationName = Release;
		};
		D8A63B7B26428A0800CDAD5F /* Build configuration list for PBXNativeTarget "UICatalogTests" */ = {
			isa = XCConfigurationList;
			buildConfigurations = (
				D8A63B7C26428A0800CDAD5F /* Debug */,
				D8A63B7D26428A0800CDAD5F /* Release */,
			);
			defaultConfigurationIsVisible = 0;
			defaultConfigurationName = Release;
		};
		D8A63B7E26428A0800CDAD5F /* Build configuration list for PBXNativeTarget "UICatalogUITests" */ = {
			isa = XCConfigurationList;
			buildConfigurations = (
				D8A63B7F26428A0800CDAD5F /* Debug */,
				D8A63B8026428A0800CDAD5F /* Release */,
			);
			defaultConfigurationIsVisible = 0;
			defaultConfigurationName = Release;
		};
/* End XCConfigurationList section */

/* Begin XCSwiftPackageProductDependency section */
		D8A63B8226428F4700CDAD5F /* UICatalogFeature */ = {
			isa = XCSwiftPackageProductDependency;
			productName = UICatalogFeature;
		};
/* End XCSwiftPackageProductDependency section */
	};
	rootObject = D8A63B4B26428A0600CDAD5F /* Project object */;
}
